# THIS IS AN AUTOGENERATED FILE. DO NOT EDIT THIS FILE DIRECTLY.
# yarn lockfile v1


"@font/nunito@^1.0.3":
  version "1.0.3"
  resolved "https://registry.yarnpkg.com/@font/nunito/-/nunito-1.0.3.tgz#2462dfd3da1dcc4835bffb02605644215b8d698b"
  integrity sha1-JGLf09odzEg1v/sCYFZEIVuNaYs=

"@fortawesome/fontawesome-free@5.15.1":
  version "5.15.1"
  resolved "https://registry.yarnpkg.com/@fortawesome/fontawesome-free/-/fontawesome-free-5.15.1.tgz#ccfef6ddbe59f8fe8f694783e1d3eb88902dc5eb"
  integrity sha512-OEdH7SyC1suTdhBGW91/zBfR6qaIhThbcN8PUXtXilY4GYnSBbVqOntdHbC1vXwsDnX0Qix2m2+DSU1J51ybOQ==

bootstrap@4.5.3:
  version "4.5.3"
  resolved "https://registry.yarnpkg.com/bootstrap/-/bootstrap-4.5.3.tgz#c6a72b355aaf323920be800246a6e4ef30997fe6"
  integrity sha512-o9ppKQioXGqhw8Z7mah6KdTYpNQY//tipnkxppWhPbiSWdD+1raYsnhwEZjkTHYbGee4cVQ0Rx65EhOY/HNLcQ==

jquery.easing@^1.4.1:
  version "1.4.1"
  resolved "https://registry.yarnpkg.com/jquery.easing/-/jquery.easing-1.4.1.tgz#47982c5836bd758fd48494923c4a101ef6e93e3b"
  integrity sha1-R5gsWDa9dY/UhJSSPEoQHvbpPjs=

jquery.growl@^1.3.5:
  version "1.3.5"
  resolved "https://registry.yarnpkg.com/jquery.growl/-/jquery.growl-1.3.5.tgz#fa1c4d758e0d7686551e15896b1aaac2bb1af7f1"
  integrity sha1-+hxNdY4NdoZVHhWJaxqqwrsa9/E=

jquery@3.5.1:
  version "3.5.1"
  resolved "https://registry.yarnpkg.com/jquery/-/jquery-3.5.1.tgz#d7b4d08e1bfdb86ad2f1a3d039ea17304717abb5"
  integrity sha512-XwIBPqcMn57FxfT+Go5pzySnm4KWkT1Tv7gjrpT1srtf8Weynl6R273VJ5GjkRb51IzMp5nbaPjJXMWeju2MKg==

metismenu@^3.0.6:
  version "3.0.6"
  resolved "https://registry.yarnpkg.com/metismenu/-/metismenu-3.0.6.tgz#595ead90ccb88037ef8af5e5316598a3c57b7e54"
  integrity sha512-aO2XoKWMLNGAw3skRPWcAhZUtootPhEk6Lz5Jamc9RlulhThp4h09AoeXevhg4vVQvwQjl8UenN09Wnr2QeM5w==
